<?xml version="1.0" encoding="utf-8"?>
<Project ToolsVersion="4.0" xmlns="http://schemas.microsoft.com/developer/msbuild/2003">
  <ItemGroup>
    <Filter Include="源文件">
      <UniqueIdentifier>{4FC737F1-C7A5-4376-A066-2A32D752A2FF}</UniqueIdentifier>
      <Extensions>cpp;c;cc;cxx;def;odl;idl;hpj;bat;asm;asmx</Extensions>
    </Filter>
    <Filter Include="头文件">
      <UniqueIdentifier>{93995380-89BD-4b04-88EB-625FBE52EBFB}</UniqueIdentifier>
      <Extensions>h;hh;hpp;hxx;hm;inl;inc;ipp;xsd</Extensions>
    </Filter>
    <Filter Include="资源文件">
      <UniqueIdentifier>{67DA6AB6-F800-4c08-8B7A-83BB121AAD01}</UniqueIdentifier>
      <Extensions>rc;ico;cur;bmp;dlg;rc2;rct;bin;rgs;gif;jpg;jpeg;jpe;resx;tiff;tif;png;wav;mfcribbon-ms</Extensions>
    </Filter>
    <Filter Include="Utility">
      <UniqueIdentifier>{56db8281-f4c8-4b3b-9445-d8dd0c3b121c}</UniqueIdentifier>
    </Filter>
    <Filter Include="Utility\IMGUI_IMPL">
      <UniqueIdentifier>{253482ba-d284-4777-91c6-3f0d4263a99b}</UniqueIdentifier>
    </Filter>
    <Filter Include="Utility\IMGUI_IMPL\src">
      <UniqueIdentifier>{ae644a27-e8d3-46d5-8cbe-7c26d9cf91c8}</UniqueIdentifier>
    </Filter>
    <Filter Include="Utility\Image">
      <UniqueIdentifier>{fbb68479-8e8a-45e8-bb98-5d187eada47e}</UniqueIdentifier>
    </Filter>
    <Filter Include="Utility\GeneralCamera">
      <UniqueIdentifier>{a555ca84-5b27-44c2-b24d-2f84376c01b2}</UniqueIdentifier>
    </Filter>
  </ItemGroup>
  <ItemGroup>
    <ClCompile Include="..\..\Examples\ClientWithUI\main.cpp">
      <Filter>源文件</Filter>
    </ClCompile>
    <ClCompile Include="..\..\Examples\Utility\IMGUI_IMPL\imgui_impl_uv.cpp">
      <Filter>Utility\IMGUI_IMPL</Filter>
    </ClCompile>
    <ClCompile Include="..\..\Examples\Utility\IMGUI_IMPL\imgui_impl_uv_glfw.cpp">
      <Filter>Utility\IMGUI_IMPL</Filter>
    </ClCompile>
    <ClCompile Include="..\..\..\imgui-1.76\imgui.cpp">
      <Filter>Utility\IMGUI_IMPL\src</Filter>
    </ClCompile>
    <ClCompile Include="..\..\..\imgui-1.76\imgui_demo.cpp">
      <Filter>Utility\IMGUI_IMPL\src</Filter>
    </ClCompile>
    <ClCompile Include="..\..\..\imgui-1.76\imgui_draw.cpp">
      <Filter>Utility\IMGUI_IMPL\src</Filter>
    </ClCompile>
    <ClCompile Include="..\..\..\imgui-1.76\imgui_widgets.cpp">
      <Filter>Utility\IMGUI_IMPL\src</Filter>
    </ClCompile>
    <ClCompile Include="..\..\Examples\Utility\Image\DXImage.cpp">
      <Filter>Utility\Image</Filter>
    </ClCompile>
    <ClCompile Include="..\..\Examples\Utility\GeneralCamera\GenrealCamera.cpp">
      <Filter>Utility\GeneralCamera</Filter>
    </ClCompile>
  </ItemGroup>
  <ItemGroup>
    <ClInclude Include="..\..\Examples\Utility\IMGUI_IMPL\imgui_impl_uv.h">
      <Filter>Utility\IMGUI_IMPL</Filter>
    </ClInclude>
    <ClInclude Include="..\..\Examples\Utility\IMGUI_IMPL\imgui_impl_uv_glfw.h">
      <Filter>Utility\IMGUI_IMPL</Filter>
    </ClInclude>
    <ClInclude Include="..\..\Examples\Utility\IMGUI_IMPL\imgui_impl_uv_shader.hpp">
      <Filter>Utility\IMGUI_IMPL</Filter>
    </ClInclude>
    <ClInclude Include="..\..\..\imgui-1.76\imconfig.h">
      <Filter>Utility\IMGUI_IMPL\src</Filter>
    </ClInclude>
    <ClInclude Include="..\..\..\imgui-1.76\imgui.h">
      <Filter>Utility\IMGUI_IMPL\src</Filter>
    </ClInclude>
    <ClInclude Include="..\..\..\imgui-1.76\imgui_internal.h">
      <Filter>Utility\IMGUI_IMPL\src</Filter>
    </ClInclude>
    <ClInclude Include="..\..\..\imgui-1.76\imstb_rectpack.h">
      <Filter>Utility\IMGUI_IMPL\src</Filter>
    </ClInclude>
    <ClInclude Include="..\..\..\imgui-1.76\imstb_textedit.h">
      <Filter>Utility\IMGUI_IMPL\src</Filter>
    </ClInclude>
    <ClInclude Include="..\..\..\imgui-1.76\imstb_truetype.h">
      <Filter>Utility\IMGUI_IMPL\src</Filter>
    </ClInclude>
    <ClInclude Include="..\..\Examples\Utility\Image\DXImage.h">
      <Filter>Utility\Image</Filter>
    </ClInclude>
    <ClInclude Include="..\..\Examples\Utility\Image\Image.h">
      <Filter>Utility\Image</Filter>
    </ClInclude>
    <ClInclude Include="..\..\Examples\Utility\IMGUI_IMPL\imgui_impl_uv_helper.h">
      <Filter>Utility\IMGUI_IMPL</Filter>
    </ClInclude>
    <ClInclude Include="..\..\Examples\Shaders\LoadTextureShader.hpp">
      <Filter>源文件</Filter>
    </ClInclude>
    <ClInclude Include="..\..\Examples\Utility\GeneralCamera\GeneralCamera.h">
      <Filter>Utility\GeneralCamera</Filter>
    </ClInclude>
  </ItemGroup>
</Project>