<?xml version="1.0" encoding="utf-8"?>
<Project ToolsVersion="4.0" xmlns="http://schemas.microsoft.com/developer/msbuild/2003">
  <ItemGroup>
    <Filter Include="源文件">
      <UniqueIdentifier>{4FC737F1-C7A5-4376-A066-2A32D752A2FF}</UniqueIdentifier>
      <Extensions>cpp;c;cc;cxx;def;odl;idl;hpj;bat;asm;asmx</Extensions>
    </Filter>
    <Filter Include="头文件">
      <UniqueIdentifier>{93995380-89BD-4b04-88EB-625FBE52EBFB}</UniqueIdentifier>
      <Extensions>h;hh;hpp;hxx;hm;inl;inc;xsd</Extensions>
    </Filter>
    <Filter Include="资源文件">
      <UniqueIdentifier>{67DA6AB6-F800-4c08-8B7A-83BB121AAD01}</UniqueIdentifier>
      <Extensions>rc;ico;cur;bmp;dlg;rc2;rct;bin;rgs;gif;jpg;jpeg;jpe;resx;tiff;tif;png;wav;mfcribbon-ms</Extensions>
    </Filter>
    <Filter Include="UnknownVision">
      <UniqueIdentifier>{d031025f-bcc3-4147-819a-8dac71824510}</UniqueIdentifier>
    </Filter>
    <Filter Include="UnknownVision\Header">
      <UniqueIdentifier>{dd2d6842-e226-497c-a8e1-e1cde91b6135}</UniqueIdentifier>
    </Filter>
    <Filter Include="UnknownVision\Scrouce">
      <UniqueIdentifier>{02584cca-9324-4602-bf5f-12c0a1d562f2}</UniqueIdentifier>
    </Filter>
    <Filter Include="UnknownVision\Shader">
      <UniqueIdentifier>{d20f9a67-20e6-44fa-ac7e-95437d06f19d}</UniqueIdentifier>
    </Filter>
    <Filter Include="UnknownVision\Shader\LTC">
      <UniqueIdentifier>{533bd0b8-0ba7-487f-bd14-32fc445c41b3}</UniqueIdentifier>
    </Filter>
    <Filter Include="UnknownVision\Shader\Utility">
      <UniqueIdentifier>{3854b410-e6ca-4df8-8fc6-c93f39691182}</UniqueIdentifier>
    </Filter>
    <Filter Include="UnknownVision\UI">
      <UniqueIdentifier>{95e761a6-6bc5-49ad-aa93-dfcff62433e6}</UniqueIdentifier>
    </Filter>
    <Filter Include="UnknownVision\UI\Header">
      <UniqueIdentifier>{4eec2dd1-39d8-4b4a-8a40-5ae131e6a34e}</UniqueIdentifier>
    </Filter>
    <Filter Include="UnknownVision\UI\Source">
      <UniqueIdentifier>{627e3248-4055-4354-86dd-9229b4d55f6a}</UniqueIdentifier>
    </Filter>
    <Filter Include="UnknownVision\UI\QuadTree">
      <UniqueIdentifier>{86d8cef4-7a55-49ec-85d7-054007d87050}</UniqueIdentifier>
    </Filter>
  </ItemGroup>
  <ItemGroup>
    <ClCompile Include="entry.cpp">
      <Filter>源文件</Filter>
    </ClCompile>
    <ClCompile Include="MainClass.cpp">
      <Filter>源文件</Filter>
    </ClCompile>
    <ClCompile Include="DXRenderer.cpp">
      <Filter>UnknownVision\Scrouce</Filter>
    </ClCompile>
    <ClCompile Include="InfoLog.cpp">
      <Filter>UnknownVision\Scrouce</Filter>
    </ClCompile>
    <ClCompile Include="Mesh.cpp">
      <Filter>UnknownVision\Scrouce</Filter>
    </ClCompile>
    <ClCompile Include="Model.cpp">
      <Filter>UnknownVision\Scrouce</Filter>
    </ClCompile>
    <ClCompile Include="Camera.cpp">
      <Filter>UnknownVision\Scrouce</Filter>
    </ClCompile>
    <ClCompile Include="Canvas.cpp">
      <Filter>UnknownVision\Scrouce</Filter>
    </ClCompile>
    <ClCompile Include="Texture.cpp">
      <Filter>UnknownVision\Scrouce</Filter>
    </ClCompile>
    <ClCompile Include="Light.cpp">
      <Filter>UnknownVision\Scrouce</Filter>
    </ClCompile>
    <ClCompile Include="OrbitController.cpp">
      <Filter>UnknownVision\Scrouce</Filter>
    </ClCompile>
    <ClCompile Include="Shader.cpp">
      <Filter>UnknownVision\Scrouce</Filter>
    </ClCompile>
    <ClCompile Include="UnknownObject.cpp">
      <Filter>UnknownVision\Scrouce</Filter>
    </ClCompile>
    <ClCompile Include="Sampler.cpp">
      <Filter>UnknownVision\Scrouce</Filter>
    </ClCompile>
    <ClCompile Include="RasterState.cpp">
      <Filter>UnknownVision\Scrouce</Filter>
    </ClCompile>
    <ClCompile Include="Alg.cpp">
      <Filter>UnknownVision\Scrouce</Filter>
    </ClCompile>
    <ClCompile Include="Buffer.cpp">
      <Filter>UnknownVision\Scrouce</Filter>
    </ClCompile>
    <ClCompile Include="Resource.cpp">
      <Filter>源文件</Filter>
    </ClCompile>
    <ClCompile Include="QuadTree\QTree.cpp">
      <Filter>UnknownVision\UI\QuadTree</Filter>
    </ClCompile>
    <ClCompile Include="UI.cpp">
      <Filter>UnknownVision\UI\Source</Filter>
    </ClCompile>
    <ClCompile Include="UIRenderer.cpp">
      <Filter>UnknownVision\UI\Source</Filter>
    </ClCompile>
    <ClCompile Include="Pass.cpp">
      <Filter>UnknownVision\Scrouce</Filter>
    </ClCompile>
  </ItemGroup>
  <ItemGroup>
    <ClInclude Include="MainClass.h">
      <Filter>头文件</Filter>
    </ClInclude>
    <ClInclude Include="DXRenderer.h">
      <Filter>UnknownVision\Header</Filter>
    </ClInclude>
    <ClInclude Include="InfoLog.h">
      <Filter>UnknownVision\Header</Filter>
    </ClInclude>
    <ClInclude Include="Mesh.h">
      <Filter>UnknownVision\Header</Filter>
    </ClInclude>
    <ClInclude Include="Model.h">
      <Filter>UnknownVision\Header</Filter>
    </ClInclude>
    <ClInclude Include="Camera.h">
      <Filter>UnknownVision\Header</Filter>
    </ClInclude>
    <ClInclude Include="Canvas.h">
      <Filter>UnknownVision\Header</Filter>
    </ClInclude>
    <ClInclude Include="Texture.h">
      <Filter>UnknownVision\Header</Filter>
    </ClInclude>
    <ClInclude Include="Shader.h">
      <Filter>UnknownVision\Header</Filter>
    </ClInclude>
    <ClInclude Include="UnknownObject.h">
      <Filter>UnknownVision\Header</Filter>
    </ClInclude>
    <ClInclude Include="Sampler.h">
      <Filter>UnknownVision\Header</Filter>
    </ClInclude>
    <ClInclude Include="RasterState.h">
      <Filter>UnknownVision\Header</Filter>
    </ClInclude>
    <ClInclude Include="Alg.h">
      <Filter>UnknownVision\Header</Filter>
    </ClInclude>
    <ClInclude Include="Buffer.h">
      <Filter>UnknownVision\Header</Filter>
    </ClInclude>
    <ClInclude Include="Resource.h">
      <Filter>UnknownVision\Header</Filter>
    </ClInclude>
    <ClInclude Include="Pass.h">
      <Filter>UnknownVision\Header</Filter>
    </ClInclude>
    <ClInclude Include="Light.h">
      <Filter>UnknownVision\Header</Filter>
    </ClInclude>
    <ClInclude Include="QuadTree\QTree.h">
      <Filter>UnknownVision\UI\QuadTree</Filter>
    </ClInclude>
    <ClInclude Include="UI.h">
      <Filter>UnknownVision\UI\Header</Filter>
    </ClInclude>
    <ClInclude Include="UIRenderer.h">
      <Filter>UnknownVision\UI\Header</Filter>
    </ClInclude>
  </ItemGroup>
  <ItemGroup>
    <FxCompile Include="shader\InputLayout.hlsl">
      <Filter>UnknownVision\Shader</Filter>
    </FxCompile>
    <FxCompile Include="shader\imageBasedLighting\imageBasedLightingBasicPS.hlsl">
      <Filter>UnknownVision\Shader\LTC</Filter>
    </FxCompile>
    <FxCompile Include="shader\imageBasedLighting\imageBasedLightingBasicVS.hlsl">
      <Filter>UnknownVision\Shader\LTC</Filter>
    </FxCompile>
    <FxCompile Include="shader\imageBasedLighting\imageBasedLightingRefPS.hlsl">
      <Filter>UnknownVision\Shader\LTC</Filter>
    </FxCompile>
    <FxCompile Include="shader\imageBasedLighting\imageBasedLightingRefVS.hlsl">
      <Filter>UnknownVision\Shader\LTC</Filter>
    </FxCompile>
    <FxCompile Include="shader\Utility\Utility_ShadowMapVS.hlsl">
      <Filter>UnknownVision\Shader\Utility</Filter>
    </FxCompile>
  </ItemGroup>
  <ItemGroup>
    <Xml Include="UILayout.xml">
      <Filter>资源文件</Filter>
    </Xml>
  </ItemGroup>
</Project>