<?xml version="1.0" encoding="utf-8"?>
<Project ToolsVersion="4.0" xmlns="http://schemas.microsoft.com/developer/msbuild/2003">
  <ItemGroup>
    <Filter Include="源文件">
      <UniqueIdentifier>{4FC737F1-C7A5-4376-A066-2A32D752A2FF}</UniqueIdentifier>
      <Extensions>cpp;c;cc;cxx;def;odl;idl;hpj;bat;asm;asmx</Extensions>
    </Filter>
    <Filter Include="头文件">
      <UniqueIdentifier>{93995380-89BD-4b04-88EB-625FBE52EBFB}</UniqueIdentifier>
      <Extensions>h;hh;hpp;hxx;hm;inl;inc;xsd</Extensions>
    </Filter>
    <Filter Include="资源文件">
      <UniqueIdentifier>{67DA6AB6-F800-4c08-8B7A-83BB121AAD01}</UniqueIdentifier>
      <Extensions>rc;ico;cur;bmp;dlg;rc2;rct;bin;rgs;gif;jpg;jpeg;jpe;resx;tiff;tif;png;wav;mfcribbon-ms</Extensions>
    </Filter>
    <Filter Include="Utility">
      <UniqueIdentifier>{4e948986-3b10-4cdb-b548-6ce8954b66d1}</UniqueIdentifier>
    </Filter>
    <Filter Include="Utility\InfoLog">
      <UniqueIdentifier>{b9b9175b-913c-406a-a35a-1e4e74e13130}</UniqueIdentifier>
    </Filter>
    <Filter Include="Utility\QuadTree">
      <UniqueIdentifier>{41cbc0da-9e02-4383-b58f-20e731ed31b8}</UniqueIdentifier>
    </Filter>
    <Filter Include="Utility\FileContainer">
      <UniqueIdentifier>{770fc2c0-d26f-476c-93e8-b3cd0f9ad22f}</UniqueIdentifier>
    </Filter>
    <Filter Include="Utility\MainClass">
      <UniqueIdentifier>{b8f9c6d0-da48-4d53-b1b6-b4206b4fc790}</UniqueIdentifier>
    </Filter>
    <Filter Include="Utility\WindowBase">
      <UniqueIdentifier>{45e0949b-0b3a-4a3f-9863-c69d2938f3c1}</UniqueIdentifier>
    </Filter>
    <Filter Include="Utility\WindowBase\Win32">
      <UniqueIdentifier>{6471e108-a616-4af8-89dc-3512cc29488f}</UniqueIdentifier>
    </Filter>
    <Filter Include="Utility\TypeRestriction">
      <UniqueIdentifier>{5f089239-6bbf-4f38-9323-841e177971e8}</UniqueIdentifier>
    </Filter>
    <Filter Include="D3D12">
      <UniqueIdentifier>{415f3f4f-70bc-46b1-a9b8-a8b029c5f77b}</UniqueIdentifier>
    </Filter>
    <Filter Include="Utility\CommandBuffer">
      <UniqueIdentifier>{a59dde36-45d8-491f-88b8-a623c9c13cc9}</UniqueIdentifier>
    </Filter>
    <Filter Include="RenderSystem">
      <UniqueIdentifier>{bc8e0dc4-51ec-4d92-9338-b08dc748429b}</UniqueIdentifier>
    </Filter>
    <Filter Include="RenderSystem\Header">
      <UniqueIdentifier>{34d2d83c-cabe-417c-8bcc-7fb7cd6d7445}</UniqueIdentifier>
    </Filter>
    <Filter Include="RenderSystem\Source">
      <UniqueIdentifier>{d31f1c11-6941-4006-af9a-e954acf83d9b}</UniqueIdentifier>
    </Filter>
    <Filter Include="Utility\DXCompilerHelper">
      <UniqueIdentifier>{6b34d2c5-799a-4c82-ad78-9ce3d83e9149}</UniqueIdentifier>
    </Filter>
    <Filter Include="ScriptEngine">
      <UniqueIdentifier>{0ab9e3ac-c108-4482-8dbd-93b6d43a395c}</UniqueIdentifier>
    </Filter>
    <Filter Include="ScriptEngine\LUA">
      <UniqueIdentifier>{d5efd25e-b552-47d0-8959-f30b92afa65c}</UniqueIdentifier>
    </Filter>
    <Filter Include="Utility\OptimisticLock">
      <UniqueIdentifier>{8b3ba271-14b3-4093-be39-5dc90ba4aeb4}</UniqueIdentifier>
    </Filter>
  </ItemGroup>
  <ItemGroup>
    <ClCompile Include="..\src\Utility\FileContainer\FileContainer.cpp">
      <Filter>Utility\FileContainer</Filter>
    </ClCompile>
    <ClCompile Include="..\src\Utility\InfoLog\InfoLog.cpp">
      <Filter>Utility\InfoLog</Filter>
    </ClCompile>
    <ClCompile Include="..\src\Utility\MainClass\MainClass.cpp">
      <Filter>Utility\MainClass</Filter>
    </ClCompile>
    <ClCompile Include="..\src\Utility\WindowBase\WindowBase.cpp">
      <Filter>Utility\WindowBase</Filter>
    </ClCompile>
    <ClCompile Include="..\src\Utility\WindowBase\win32\WindowWin32.cpp">
      <Filter>Utility\WindowBase\Win32</Filter>
    </ClCompile>
    <ClCompile Include="..\src\main.cpp">
      <Filter>源文件</Filter>
    </ClCompile>
    <ClCompile Include="..\src\D3D12\DX12Config.cpp">
      <Filter>D3D12</Filter>
    </ClCompile>
    <ClCompile Include="..\src\Utility\DXCompilerHelper\DXCompilerHelper.cpp">
      <Filter>Utility\DXCompilerHelper</Filter>
    </ClCompile>
    <ClCompile Include="..\src\ScriptEngine\Lua\LuaEngine.cpp">
      <Filter>ScriptEngine\LUA</Filter>
    </ClCompile>
    <ClCompile Include="..\src\ScriptEngine\Lua\LuaFunctions.cpp">
      <Filter>ScriptEngine\LUA</Filter>
    </ClCompile>
    <ClCompile Include="..\src\D3D12\DX12RenderBackend.cpp">
      <Filter>D3D12</Filter>
    </ClCompile>
    <ClCompile Include="..\src\D3D12\DX12RenderDevice.cpp">
      <Filter>D3D12</Filter>
    </ClCompile>
    <ClCompile Include="..\src\D3D12\DX12RenderBasic.cpp">
      <Filter>D3D12</Filter>
    </ClCompile>
    <ClCompile Include="..\src\D3D12\DX12ResourceManager.cpp">
      <Filter>D3D12</Filter>
    </ClCompile>
    <ClCompile Include="..\src\RenderSystem\Task.cpp">
      <Filter>RenderSystem\Source</Filter>
    </ClCompile>
  </ItemGroup>
  <ItemGroup>
    <ClInclude Include="..\src\Utility\CommandBuffer\CommandBuffer.hpp">
      <Filter>Utility\CommandBuffer</Filter>
    </ClInclude>
    <ClInclude Include="..\src\Utility\FileContainer\FileContainer.h">
      <Filter>Utility\FileContainer</Filter>
    </ClInclude>
    <ClInclude Include="..\src\Utility\InfoLog\InfoLog.h">
      <Filter>Utility\InfoLog</Filter>
    </ClInclude>
    <ClInclude Include="..\src\Utility\MainClass\MainClass.h">
      <Filter>Utility\MainClass</Filter>
    </ClInclude>
    <ClInclude Include="..\src\Utility\QuadTree\FreeList.h">
      <Filter>Utility\QuadTree</Filter>
    </ClInclude>
    <ClInclude Include="..\src\Utility\QuadTree\QuadTree.h">
      <Filter>Utility\QuadTree</Filter>
    </ClInclude>
    <ClInclude Include="..\src\Utility\TypeRestriction\TypeRestriction.h">
      <Filter>Utility\TypeRestriction</Filter>
    </ClInclude>
    <ClInclude Include="..\src\Utility\WindowBase\WindowBase.h">
      <Filter>Utility\WindowBase</Filter>
    </ClInclude>
    <ClInclude Include="..\src\Utility\WindowBase\win32\WindowWin32.h">
      <Filter>Utility\WindowBase\Win32</Filter>
    </ClInclude>
    <ClInclude Include="..\src\UVConfig.h">
      <Filter>头文件</Filter>
    </ClInclude>
    <ClInclude Include="..\src\UVRoot.h">
      <Filter>头文件</Filter>
    </ClInclude>
    <ClInclude Include="..\src\DirectXHelper.h">
      <Filter>头文件</Filter>
    </ClInclude>
    <ClInclude Include="..\src\D3D12\DX12Config.h">
      <Filter>D3D12</Filter>
    </ClInclude>
    <ClInclude Include="..\src\Utility\DXCompilerHelper\DXCompilerHelper.h">
      <Filter>Utility\DXCompilerHelper</Filter>
    </ClInclude>
    <ClInclude Include="..\src\ScriptEngine\ScirptEngine.h">
      <Filter>ScriptEngine</Filter>
    </ClInclude>
    <ClInclude Include="..\src\ScriptEngine\Lua\LuaEngine.h">
      <Filter>ScriptEngine\LUA</Filter>
    </ClInclude>
    <ClInclude Include="..\src\ScriptEngine\Lua\LuaFunctions.h">
      <Filter>ScriptEngine\LUA</Filter>
    </ClInclude>
    <ClInclude Include="..\src\RenderSystem\RenderBasic.h">
      <Filter>RenderSystem\Header</Filter>
    </ClInclude>
    <ClInclude Include="..\src\D3D12\DX12RenderBasic.h">
      <Filter>D3D12</Filter>
    </ClInclude>
    <ClInclude Include="..\src\D3D12\d3dx12.h">
      <Filter>D3D12</Filter>
    </ClInclude>
    <ClInclude Include="..\src\D3D12\DX12ResourceManager.h">
      <Filter>D3D12</Filter>
    </ClInclude>
    <ClInclude Include="..\src\D3D12\DX12HeapManager.h">
      <Filter>D3D12</Filter>
    </ClInclude>
    <ClInclude Include="..\src\RenderSystem\Task.h">
      <Filter>RenderSystem\Header</Filter>
    </ClInclude>
    <ClInclude Include="..\src\Utility\optimisticLock\OptimisticLock.hpp">
      <Filter>Utility\OptimisticLock</Filter>
    </ClInclude>
    <ClInclude Include="..\src\UVType.h">
      <Filter>头文件</Filter>
    </ClInclude>
    <ClInclude Include="..\src\RenderSystem\RenderDescriptor.h">
      <Filter>RenderSystem\Header</Filter>
    </ClInclude>
    <ClInclude Include="..\src\RenderSystem\SettingHelpers.hpp">
      <Filter>RenderSystem\Header</Filter>
    </ClInclude>
    <ClInclude Include="..\src\D3D12\DX12Helpers.h">
      <Filter>D3D12</Filter>
    </ClInclude>
  </ItemGroup>
  <ItemGroup>
    <None Include="cpp.hint" />
  </ItemGroup>
</Project>